
Microsoft Visual Studio Solution File, Format Version 12.00
# Visual Studio Version 17
VisualStudioVersion = 17.13.35825.156
MinimumVisualStudioVersion = 10.0.40219.1
Project("{FAE04EC0-301F-11D3-BF4B-00C04F79EFBC}") = "PetCareAdminApp", "PetCareAdminApp\PetCareAdminApp.csproj", "{77203D4F-8908-4037-9D74-8BE190292C1D}"
EndProject
Project("{FAE04EC0-301F-11D3-BF4B-00C04F79EFBC}") = "PetCareWeb", "PetCareWeb\PetCareWeb.csproj", "{6C4A8EC9-EECE-4C31-BA4A-CF62B391CBE7}"
EndProject
Global
	GlobalSection(SolutionConfigurationPlatforms) = preSolution
		Debug|Any CPU = Debug|Any CPU
		Release|Any CPU = Release|Any CPU
	EndGlobalSection
	GlobalSection(ProjectConfigurationPlatforms) = postSolution
		{77203D4F-8908-4037-9D74-8BE190292C1D}.Debug|Any CPU.ActiveCfg = Debug|Any CPU
		{77203D4F-8908-4037-9D74-8BE190292C1D}.Debug|Any CPU.Build.0 = Debug|Any CPU
		{77203D4F-8908-4037-9D74-8BE190292C1D}.Release|Any CPU.ActiveCfg = Release|Any CPU
		{77203D4F-8908-4037-9D74-8BE190292C1D}.Release|Any CPU.Build.0 = Release|Any CPU
		{6C4A8EC9-EECE-4C31-BA4A-CF62B391CBE7}.Debug|Any CPU.ActiveCfg = Debug|Any CPU
		{6C4A8EC9-EECE-4C31-BA4A-CF62B391CBE7}.Debug|Any CPU.Build.0 = Debug|Any CPU
		{6C4A8EC9-EECE-4C31-BA4A-CF62B391CBE7}.Release|Any CPU.ActiveCfg = Release|Any CPU
		{6C4A8EC9-EECE-4C31-BA4A-CF62B391CBE7}.Release|Any CPU.Build.0 = Release|Any CPU
	EndGlobalSection
	GlobalSection(SolutionProperties) = preSolution
		HideSolutionNode = FALSE
	EndGlobalSection
	GlobalSection(ExtensibilityGlobals) = postSolution
		SolutionGuid = {0897D05D-C6E2-4EDF-B940-0918A1572541}
	EndGlobalSection
EndGlobal
